{
  "name": "ty",
  "version": "1.0.0",
  "lockfileVersion": 2,
  "requires": true,
  "packages": {
    "": {
      "name": "ty",
      "version": "1.0.0",
      "license": "ISC",
      "dependencies": {
        "onnxruntime-node": "^1.17.0"
      },
      "devDependencies": {}
    },
    "node_modules/onnxruntime-common": {
      "version": "1.17.0",
      "resolved": "https://registry.npmjs.org/onnxruntime-common/-/onnxruntime-common-1.17.0.tgz",
      "integrity": "sha512-Vq1remJbCPITjDMJ04DA7AklUTnbYUp4vbnm6iL7ukSt+7VErH0NGYfekRSTjxxurEtX7w41PFfnQlE6msjPJw=="
    },
    "node_modules/onnxruntime-node": {
      "version": "1.17.0",
      "resolved": "https://registry.npmjs.org/onnxruntime-node/-/onnxruntime-node-1.17.0.tgz",
      "integrity": "sha512-pRxdqSP3a6wtiFVkVX1V3/gsEMwBRUA9D2oYmcN3cjF+j+ILS+SIY2L7KxdWapsG6z64i5rUn8ijFZdIvbojBg==",
      "os": [
        "win32",
        "darwin",
        "linux"
      ],
      "dependencies": {
        "onnxruntime-common": "1.17.0"
      }
    }
  },
  "dependencies": {
    "onnxruntime-common": {
      "version": "1.17.0",
      "resolved": "https://registry.npmjs.org/onnxruntime-common/-/onnxruntime-common-1.17.0.tgz",
      "integrity": "sha512-Vq1remJbCPITjDMJ04DA7AklUTnbYUp4vbnm6iL7ukSt+7VErH0NGYfekRSTjxxurEtX7w41PFfnQlE6msjPJw=="
    },
    "onnxruntime-node": {
      "version": "1.17.0",
      "resolved": "https://registry.npmjs.org/onnxruntime-node/-/onnxruntime-node-1.17.0.tgz",
      "integrity": "sha512-pRxdqSP3a6wtiFVkVX1V3/gsEMwBRUA9D2oYmcN3cjF+j+ILS+SIY2L7KxdWapsG6z64i5rUn8ijFZdIvbojBg==",
      "requires": {
        "onnxruntime-common": "1.17.0"
      }
    }
  }
}
